
Microsoft Visual Studio Solution File, Format Version 12.00
# Visual Studio Version 16
VisualStudioVersion = 16.0.29709.97
MinimumVisualStudioVersion = 10.0.40219.1
Project("{FAE04EC0-301F-11D3-BF4B-00C04F79EFBC}") = "Sol_Demo.Android", "Sol_Demo\Sol_Demo.Android\Sol_Demo.Android.csproj", "{52BCBBE9-CC63-4A00-AC8D-FBBE0B2B16FF}"
EndProject
Project("{FAE04EC0-301F-11D3-BF4B-00C04F79EFBC}") = "Sol_Demo", "Sol_Demo\Sol_Demo\Sol_Demo.csproj", "{E14CD2BA-8DA4-45B1-9E0D-AEE2CD608742}"
EndProject
Global
	GlobalSection(SolutionConfigurationPlatforms) = preSolution
		Debug|Any CPU = Debug|Any CPU
		Release|Any CPU = Release|Any CPU
	EndGlobalSection
	GlobalSection(ProjectConfigurationPlatforms) = postSolution
		{52BCBBE9-CC63-4A00-AC8D-FBBE0B2B16FF}.Debug|Any CPU.ActiveCfg = Debug|Any CPU
		{52BCBBE9-CC63-4A00-AC8D-FBBE0B2B16FF}.Debug|Any CPU.Build.0 = Debug|Any CPU
		{52BCBBE9-CC63-4A00-AC8D-FBBE0B2B16FF}.Debug|Any CPU.Deploy.0 = Debug|Any CPU
		{52BCBBE9-CC63-4A00-AC8D-FBBE0B2B16FF}.Release|Any CPU.ActiveCfg = Release|Any CPU
		{52BCBBE9-CC63-4A00-AC8D-FBBE0B2B16FF}.Release|Any CPU.Build.0 = Release|Any CPU
		{52BCBBE9-CC63-4A00-AC8D-FBBE0B2B16FF}.Release|Any CPU.Deploy.0 = Release|Any CPU
		{E14CD2BA-8DA4-45B1-9E0D-AEE2CD608742}.Debug|Any CPU.ActiveCfg = Debug|Any CPU
		{E14CD2BA-8DA4-45B1-9E0D-AEE2CD608742}.Debug|Any CPU.Build.0 = Debug|Any CPU
		{E14CD2BA-8DA4-45B1-9E0D-AEE2CD608742}.Debug|Any CPU.Deploy.0 = Debug|Any CPU
		{E14CD2BA-8DA4-45B1-9E0D-AEE2CD608742}.Release|Any CPU.ActiveCfg = Release|Any CPU
		{E14CD2BA-8DA4-45B1-9E0D-AEE2CD608742}.Release|Any CPU.Build.0 = Release|Any CPU
		{E14CD2BA-8DA4-45B1-9E0D-AEE2CD608742}.Release|Any CPU.Deploy.0 = Release|Any CPU
	EndGlobalSection
	GlobalSection(SolutionProperties) = preSolution
		HideSolutionNode = FALSE
	EndGlobalSection
	GlobalSection(ExtensibilityGlobals) = postSolution
		SolutionGuid = {448A27A7-DC34-464C-A992-1F84007361F6}
	EndGlobalSection
EndGlobal
